Microsoft Visual Studio Solution File, Format Version 11.00
# Visual Studio 2008

Project("{3F604F1B-1574-F0D9-CBD2-263BBEA631F7}") = "Ursa", "Assembly-CSharp-firstpass.csproj", "{9474D892-0C7D-D933-8F98-0EF38C428273}"
EndProject
Project("{3F604F1B-1574-F0D9-CBD2-263BBEA631F7}") = "Ursa", "Assembly-CSharp-Editor.csproj", "{83CD87E2-F518-A73B-0215-17A021C7610D}"
EndProject
Global
	GlobalSection(SolutionConfigurationPlatforms) = preSolution
		Debug|Any CPU = Debug|Any CPU
		Release|Any CPU = Release|Any CPU
	EndGlobalSection
	GlobalSection(ProjectConfigurationPlatforms) = postSolution
		{9474D892-0C7D-D933-8F98-0EF38C428273}.Debug|Any CPU.ActiveCfg = Debug|Any CPU
		{9474D892-0C7D-D933-8F98-0EF38C428273}.Debug|Any CPU.Build.0 = Debug|Any CPU
		{9474D892-0C7D-D933-8F98-0EF38C428273}.Release|Any CPU.ActiveCfg = Release|Any CPU
		{9474D892-0C7D-D933-8F98-0EF38C428273}.Release|Any CPU.Build.0 = Release|Any CPU
		{83CD87E2-F518-A73B-0215-17A021C7610D}.Debug|Any CPU.ActiveCfg = Debug|Any CPU
		{83CD87E2-F518-A73B-0215-17A021C7610D}.Debug|Any CPU.Build.0 = Debug|Any CPU
		{83CD87E2-F518-A73B-0215-17A021C7610D}.Release|Any CPU.ActiveCfg = Release|Any CPU
		{83CD87E2-F518-A73B-0215-17A021C7610D}.Release|Any CPU.Build.0 = Release|Any CPU
	EndGlobalSection
	GlobalSection(SolutionProperties) = preSolution
		HideSolutionNode = FALSE
	EndGlobalSection
	GlobalSection(MonoDevelopProperties) = preSolution
		StartupItem = Assembly-CSharp.csproj
	EndGlobalSection
EndGlobal
